
Microsoft Visual Studio Solution File, Format Version 12.00
# Visual Studio Version 17
VisualStudioVersion = 17.12.35527.113
MinimumVisualStudioVersion = 10.0.40219.1
Project("{2150E333-8FDC-42A3-9474-1A3956D46DE8}") = "src", "src", "{52D8A1EA-0458-44CF-804B-516EA66CCCB4}"
EndProject
Project("{FAE04EC0-301F-11D3-BF4B-00C04F79EFBC}") = "Jelly", "src\Jelly\Jelly.csproj", "{1EE14F51-D1F1-4760-AD8D-42175698B5E6}"
EndProject
Project("{FAE04EC0-301F-11D3-BF4B-00C04F79EFBC}") = "Jelly.SqlServer", "src\Jelly.SqlServer\Jelly.SqlServer.csproj", "{1FD0CB85-30D9-454A-9797-E4D4992BCE5D}"
EndProject
Global
	GlobalSection(SolutionConfigurationPlatforms) = preSolution
		Debug|Any CPU = Debug|Any CPU
		Release|Any CPU = Release|Any CPU
	EndGlobalSection
	GlobalSection(ProjectConfigurationPlatforms) = postSolution
		{1EE14F51-D1F1-4760-AD8D-42175698B5E6}.Debug|Any CPU.ActiveCfg = Debug|Any CPU
		{1EE14F51-D1F1-4760-AD8D-42175698B5E6}.Debug|Any CPU.Build.0 = Debug|Any CPU
		{1EE14F51-D1F1-4760-AD8D-42175698B5E6}.Release|Any CPU.ActiveCfg = Release|Any CPU
		{1EE14F51-D1F1-4760-AD8D-42175698B5E6}.Release|Any CPU.Build.0 = Release|Any CPU
		{1FD0CB85-30D9-454A-9797-E4D4992BCE5D}.Debug|Any CPU.ActiveCfg = Debug|Any CPU
		{1FD0CB85-30D9-454A-9797-E4D4992BCE5D}.Debug|Any CPU.Build.0 = Debug|Any CPU
		{1FD0CB85-30D9-454A-9797-E4D4992BCE5D}.Release|Any CPU.ActiveCfg = Release|Any CPU
		{1FD0CB85-30D9-454A-9797-E4D4992BCE5D}.Release|Any CPU.Build.0 = Release|Any CPU
	EndGlobalSection
	GlobalSection(SolutionProperties) = preSolution
		HideSolutionNode = FALSE
	EndGlobalSection
	GlobalSection(NestedProjects) = preSolution
		{1EE14F51-D1F1-4760-AD8D-42175698B5E6} = {52D8A1EA-0458-44CF-804B-516EA66CCCB4}
		{1FD0CB85-30D9-454A-9797-E4D4992BCE5D} = {52D8A1EA-0458-44CF-804B-516EA66CCCB4}
	EndGlobalSection
EndGlobal
